
Microsoft Visual Studio Solution File, Format Version 12.00
# Visual Studio Version 17
VisualStudioVersion = 17.9.34607.119
MinimumVisualStudioVersion = 10.0.40219.1
Project("{FAE04EC0-301F-11D3-BF4B-00C04F79EFBC}") = "EsercizioMacchine", "EsercizioMacchine\EsercizioMacchine.csproj", "{A3C4C96F-C254-424C-8FB6-F00505474854}"
EndProject
Global
	GlobalSection(SolutionConfigurationPlatforms) = preSolution
		Debug|Any CPU = Debug|Any CPU
		Release|Any CPU = Release|Any CPU
	EndGlobalSection
	GlobalSection(ProjectConfigurationPlatforms) = postSolution
		{A3C4C96F-C254-424C-8FB6-F00505474854}.Debug|Any CPU.ActiveCfg = Debug|Any CPU
		{A3C4C96F-C254-424C-8FB6-F00505474854}.Debug|Any CPU.Build.0 = Debug|Any CPU
		{A3C4C96F-C254-424C-8FB6-F00505474854}.Release|Any CPU.ActiveCfg = Release|Any CPU
		{A3C4C96F-C254-424C-8FB6-F00505474854}.Release|Any CPU.Build.0 = Release|Any CPU
	EndGlobalSection
	GlobalSection(SolutionProperties) = preSolution
		HideSolutionNode = FALSE
	EndGlobalSection
	GlobalSection(ExtensibilityGlobals) = postSolution
		SolutionGuid = {7F0AE93B-E71F-47D7-AB9E-3495E7A3320E}
	EndGlobalSection
EndGlobal
